
Microsoft Visual Studio Solution File, Format Version 12.00
# Visual Studio 15
VisualStudioVersion = 15.0.28307.168
MinimumVisualStudioVersion = 10.0.40219.1
Project("{FAE04EC0-301F-11D3-BF4B-00C04F79EFBC}") = "PokerApp", "PokerApp\PokerApp.csproj", "{E2BB54DB-903F-412E-A048-09769DA8875F}"
EndProject
Project("{FAE04EC0-301F-11D3-BF4B-00C04F79EFBC}") = "PokerLibrary", "PokerLibrary\PokerLibrary.csproj", "{9026ED0F-58EF-4114-BAC4-4F975CCF17EC}"
EndProject
Project("{FAE04EC0-301F-11D3-BF4B-00C04F79EFBC}") = "PokerTests", "PokerTests\PokerTests.csproj", "{A8B5E985-DF57-43F4-BBD0-D2D866A67585}"
EndProject
Global
	GlobalSection(SolutionConfigurationPlatforms) = preSolution
		Debug|Any CPU = Debug|Any CPU
		Debug|ARM = Debug|ARM
		Debug|ARM64 = Debug|ARM64
		Debug|x64 = Debug|x64
		Debug|x86 = Debug|x86
		Release|Any CPU = Release|Any CPU
		Release|ARM = Release|ARM
		Release|ARM64 = Release|ARM64
		Release|x64 = Release|x64
		Release|x86 = Release|x86
	EndGlobalSection
	GlobalSection(ProjectConfigurationPlatforms) = postSolution
		{E2BB54DB-903F-412E-A048-09769DA8875F}.Debug|Any CPU.ActiveCfg = Debug|Any CPU
		{E2BB54DB-903F-412E-A048-09769DA8875F}.Debug|Any CPU.Build.0 = Debug|Any CPU
		{E2BB54DB-903F-412E-A048-09769DA8875F}.Debug|ARM.ActiveCfg = Debug|Any CPU
		{E2BB54DB-903F-412E-A048-09769DA8875F}.Debug|ARM.Build.0 = Debug|Any CPU
		{E2BB54DB-903F-412E-A048-09769DA8875F}.Debug|ARM64.ActiveCfg = Debug|Any CPU
		{E2BB54DB-903F-412E-A048-09769DA8875F}.Debug|ARM64.Build.0 = Debug|Any CPU
		{E2BB54DB-903F-412E-A048-09769DA8875F}.Debug|x64.ActiveCfg = Debug|Any CPU
		{E2BB54DB-903F-412E-A048-09769DA8875F}.Debug|x64.Build.0 = Debug|Any CPU
		{E2BB54DB-903F-412E-A048-09769DA8875F}.Debug|x86.ActiveCfg = Debug|Any CPU
		{E2BB54DB-903F-412E-A048-09769DA8875F}.Debug|x86.Build.0 = Debug|Any CPU
		{E2BB54DB-903F-412E-A048-09769DA8875F}.Release|Any CPU.ActiveCfg = Release|Any CPU
		{E2BB54DB-903F-412E-A048-09769DA8875F}.Release|Any CPU.Build.0 = Release|Any CPU
		{E2BB54DB-903F-412E-A048-09769DA8875F}.Release|ARM.ActiveCfg = Release|Any CPU
		{E2BB54DB-903F-412E-A048-09769DA8875F}.Release|ARM.Build.0 = Release|Any CPU
		{E2BB54DB-903F-412E-A048-09769DA8875F}.Release|ARM64.ActiveCfg = Release|Any CPU
		{E2BB54DB-903F-412E-A048-09769DA8875F}.Release|ARM64.Build.0 = Release|Any CPU
		{E2BB54DB-903F-412E-A048-09769DA8875F}.Release|x64.ActiveCfg = Release|Any CPU
		{E2BB54DB-903F-412E-A048-09769DA8875F}.Release|x64.Build.0 = Release|Any CPU
		{E2BB54DB-903F-412E-A048-09769DA8875F}.Release|x86.ActiveCfg = Release|Any CPU
		{E2BB54DB-903F-412E-A048-09769DA8875F}.Release|x86.Build.0 = Release|Any CPU
		{9026ED0F-58EF-4114-BAC4-4F975CCF17EC}.Debug|Any CPU.ActiveCfg = Debug|Any CPU
		{9026ED0F-58EF-4114-BAC4-4F975CCF17EC}.Debug|Any CPU.Build.0 = Debug|Any CPU
		{9026ED0F-58EF-4114-BAC4-4F975CCF17EC}.Debug|ARM.ActiveCfg = Debug|Any CPU
		{9026ED0F-58EF-4114-BAC4-4F975CCF17EC}.Debug|ARM.Build.0 = Debug|Any CPU
		{9026ED0F-58EF-4114-BAC4-4F975CCF17EC}.Debug|ARM64.ActiveCfg = Debug|Any CPU
		{9026ED0F-58EF-4114-BAC4-4F975CCF17EC}.Debug|ARM64.Build.0 = Debug|Any CPU
		{9026ED0F-58EF-4114-BAC4-4F975CCF17EC}.Debug|x64.ActiveCfg = Debug|Any CPU
		{9026ED0F-58EF-4114-BAC4-4F975CCF17EC}.Debug|x64.Build.0 = Debug|Any CPU
		{9026ED0F-58EF-4114-BAC4-4F975CCF17EC}.Debug|x86.ActiveCfg = Debug|Any CPU
		{9026ED0F-58EF-4114-BAC4-4F975CCF17EC}.Debug|x86.Build.0 = Debug|Any CPU
		{9026ED0F-58EF-4114-BAC4-4F975CCF17EC}.Release|Any CPU.ActiveCfg = Release|Any CPU
		{9026ED0F-58EF-4114-BAC4-4F975CCF17EC}.Release|Any CPU.Build.0 = Release|Any CPU
		{9026ED0F-58EF-4114-BAC4-4F975CCF17EC}.Release|ARM.ActiveCfg = Release|Any CPU
		{9026ED0F-58EF-4114-BAC4-4F975CCF17EC}.Release|ARM.Build.0 = Release|Any CPU
		{9026ED0F-58EF-4114-BAC4-4F975CCF17EC}.Release|ARM64.ActiveCfg = Release|Any CPU
		{9026ED0F-58EF-4114-BAC4-4F975CCF17EC}.Release|ARM64.Build.0 = Release|Any CPU
		{9026ED0F-58EF-4114-BAC4-4F975CCF17EC}.Release|x64.ActiveCfg = Release|Any CPU
		{9026ED0F-58EF-4114-BAC4-4F975CCF17EC}.Release|x64.Build.0 = Release|Any CPU
		{9026ED0F-58EF-4114-BAC4-4F975CCF17EC}.Release|x86.ActiveCfg = Release|Any CPU
		{9026ED0F-58EF-4114-BAC4-4F975CCF17EC}.Release|x86.Build.0 = Release|Any CPU
		{A8B5E985-DF57-43F4-BBD0-D2D866A67585}.Debug|Any CPU.ActiveCfg = Debug|Any CPU
		{A8B5E985-DF57-43F4-BBD0-D2D866A67585}.Debug|Any CPU.Build.0 = Debug|Any CPU
		{A8B5E985-DF57-43F4-BBD0-D2D866A67585}.Debug|ARM.ActiveCfg = Debug|Any CPU
		{A8B5E985-DF57-43F4-BBD0-D2D866A67585}.Debug|ARM.Build.0 = Debug|Any CPU
		{A8B5E985-DF57-43F4-BBD0-D2D866A67585}.Debug|ARM64.ActiveCfg = Debug|Any CPU
		{A8B5E985-DF57-43F4-BBD0-D2D866A67585}.Debug|ARM64.Build.0 = Debug|Any CPU
		{A8B5E985-DF57-43F4-BBD0-D2D866A67585}.Debug|x64.ActiveCfg = Debug|Any CPU
		{A8B5E985-DF57-43F4-BBD0-D2D866A67585}.Debug|x64.Build.0 = Debug|Any CPU
		{A8B5E985-DF57-43F4-BBD0-D2D866A67585}.Debug|x86.ActiveCfg = Debug|Any CPU
		{A8B5E985-DF57-43F4-BBD0-D2D866A67585}.Debug|x86.Build.0 = Debug|Any CPU
		{A8B5E985-DF57-43F4-BBD0-D2D866A67585}.Release|Any CPU.ActiveCfg = Release|Any CPU
		{A8B5E985-DF57-43F4-BBD0-D2D866A67585}.Release|Any CPU.Build.0 = Release|Any CPU
		{A8B5E985-DF57-43F4-BBD0-D2D866A67585}.Release|ARM.ActiveCfg = Release|Any CPU
		{A8B5E985-DF57-43F4-BBD0-D2D866A67585}.Release|ARM.Build.0 = Release|Any CPU
		{A8B5E985-DF57-43F4-BBD0-D2D866A67585}.Release|ARM64.ActiveCfg = Release|Any CPU
		{A8B5E985-DF57-43F4-BBD0-D2D866A67585}.Release|ARM64.Build.0 = Release|Any CPU
		{A8B5E985-DF57-43F4-BBD0-D2D866A67585}.Release|x64.ActiveCfg = Release|Any CPU
		{A8B5E985-DF57-43F4-BBD0-D2D866A67585}.Release|x64.Build.0 = Release|Any CPU
		{A8B5E985-DF57-43F4-BBD0-D2D866A67585}.Release|x86.ActiveCfg = Release|Any CPU
		{A8B5E985-DF57-43F4-BBD0-D2D866A67585}.Release|x86.Build.0 = Release|Any CPU
	EndGlobalSection
	GlobalSection(SolutionProperties) = preSolution
		HideSolutionNode = FALSE
	EndGlobalSection
	GlobalSection(ExtensibilityGlobals) = postSolution
		SolutionGuid = {22594E5D-97E6-496E-874C-CEC0CB0653F2}
	EndGlobalSection
EndGlobal
